
Microsoft Visual Studio Solution File, Format Version 12.00
Project("{FAE04EC0-301F-11D3-BF4B-00C04F79EFBC}") = "Pcm.Api", "Pcm.Api\Pcm.Api.csproj", "{025BFC1E-33C8-463F-BE88-1863853322EC}"
EndProject
Project("{FAE04EC0-301F-11D3-BF4B-00C04F79EFBC}") = "Pcm.WebUi", "Pcm.WebUi\Pcm.WebUi.csproj", "{2B472ED9-FC1B-4D9E-80D9-F651570BC309}"
EndProject
Project("{FAE04EC0-301F-11D3-BF4B-00C04F79EFBC}") = "Pcm.Core", "Pcm.Core\Pcm.Core.csproj", "{7374ED46-8772-4135-8F4C-B28552BC352B}"
EndProject
Project("{FAE04EC0-301F-11D3-BF4B-00C04F79EFBC}") = "Pcm.Infrastructure", "Pcm.Infrastructure\Pcm.Infrastructure.csproj", "{9C8F4CFF-B7AB-4F31-88B7-ADFC6DEF7111}"
EndProject
Project("{FAE04EC0-301F-11D3-BF4B-00C04F79EFBC}") = "Pcm.Application", "Pcm.Application\Pcm.Application.csproj", "{BC1B43F9-25E7-4230-A1CF-E614B2DF3C46}"
EndProject
Global
	GlobalSection(SolutionConfigurationPlatforms) = preSolution
		Debug|Any CPU = Debug|Any CPU
		Release|Any CPU = Release|Any CPU
	EndGlobalSection
	GlobalSection(ProjectConfigurationPlatforms) = postSolution
		{025BFC1E-33C8-463F-BE88-1863853322EC}.Debug|Any CPU.ActiveCfg = Debug|Any CPU
		{025BFC1E-33C8-463F-BE88-1863853322EC}.Debug|Any CPU.Build.0 = Debug|Any CPU
		{025BFC1E-33C8-463F-BE88-1863853322EC}.Release|Any CPU.ActiveCfg = Release|Any CPU
		{025BFC1E-33C8-463F-BE88-1863853322EC}.Release|Any CPU.Build.0 = Release|Any CPU
		{2B472ED9-FC1B-4D9E-80D9-F651570BC309}.Debug|Any CPU.ActiveCfg = Debug|Any CPU
		{2B472ED9-FC1B-4D9E-80D9-F651570BC309}.Debug|Any CPU.Build.0 = Debug|Any CPU
		{2B472ED9-FC1B-4D9E-80D9-F651570BC309}.Release|Any CPU.ActiveCfg = Release|Any CPU
		{2B472ED9-FC1B-4D9E-80D9-F651570BC309}.Release|Any CPU.Build.0 = Release|Any CPU
		{7374ED46-8772-4135-8F4C-B28552BC352B}.Debug|Any CPU.ActiveCfg = Debug|Any CPU
		{7374ED46-8772-4135-8F4C-B28552BC352B}.Debug|Any CPU.Build.0 = Debug|Any CPU
		{7374ED46-8772-4135-8F4C-B28552BC352B}.Release|Any CPU.ActiveCfg = Release|Any CPU
		{7374ED46-8772-4135-8F4C-B28552BC352B}.Release|Any CPU.Build.0 = Release|Any CPU
		{9C8F4CFF-B7AB-4F31-88B7-ADFC6DEF7111}.Debug|Any CPU.ActiveCfg = Debug|Any CPU
		{9C8F4CFF-B7AB-4F31-88B7-ADFC6DEF7111}.Debug|Any CPU.Build.0 = Debug|Any CPU
		{9C8F4CFF-B7AB-4F31-88B7-ADFC6DEF7111}.Release|Any CPU.ActiveCfg = Release|Any CPU
		{9C8F4CFF-B7AB-4F31-88B7-ADFC6DEF7111}.Release|Any CPU.Build.0 = Release|Any CPU
		{BC1B43F9-25E7-4230-A1CF-E614B2DF3C46}.Debug|Any CPU.ActiveCfg = Debug|Any CPU
		{BC1B43F9-25E7-4230-A1CF-E614B2DF3C46}.Debug|Any CPU.Build.0 = Debug|Any CPU
		{BC1B43F9-25E7-4230-A1CF-E614B2DF3C46}.Release|Any CPU.ActiveCfg = Release|Any CPU
		{BC1B43F9-25E7-4230-A1CF-E614B2DF3C46}.Release|Any CPU.Build.0 = Release|Any CPU
	EndGlobalSection
EndGlobal
